// !$*UTF8*$!
{
	archiveVersion = 1;
	classes = {
	};
	objectVersion = 46;
	objects = {

/* Begin PBXBuildFile section */
		B9DE50491D17923800825AF1 /* main.m in Sources */ = {isa = PBXBuildFile; fileRef = B9DE50481D17923800825AF1 /* main.m */; };
		B9DE504C1D17923800825AF1 /* AppDelegate.m in Sources */ = {isa = PBXBuildFile; fileRef = B9DE504B1D17923800825AF1 /* AppDelegate.m */; };
		B9DE504F1D17923800825AF1 /* ViewController.m in Sources */ = {isa = PBXBuildFile; fileRef = B9DE504E1D17923800825AF1 /* ViewController.m */; };
		B9DE50521D17923800825AF1 /* Main.storyboard in Resources */ = {isa = PBXBuildFile; fileRef = B9DE50501D17923800825AF1 /* Main.storyboard */; };
		B9DE50541D17923800825AF1 /* Assets.xcassets in Resources */ = {isa = PBXBuildFile; fileRef = B9DE50531D17923800825AF1 /* Assets.xcassets */; };
		B9DE50571D17923800825AF1 /* LaunchScreen.storyboard in Resources */ = {isa = PBXBuildFile; fileRef = B9DE50551D17923800825AF1 /* LaunchScreen.storyboard */; };
		B9DE505F1D17924B00825AF1 /* libsqlite3.0.tbd in Frameworks */ = {isa = PBXBuildFile; fileRef = B9DE505E1D17924B00825AF1 /* libsqlite3.0.tbd */; };
		B9DE50661D17938100825AF1 /* ArchiveViewController.m in Sources */ = {isa = PBXBuildFile; fileRef = B9DE50611D17938100825AF1 /* ArchiveViewController.m */; };
		B9DE50671D17938100825AF1 /* ArchiveManager.m in Sources */ = {isa = PBXBuildFile; fileRef = B9DE50631D17938100825AF1 /* ArchiveManager.m */; };
		B9DE50681D17938100825AF1 /* Student.m in Sources */ = {isa = PBXBuildFile; fileRef = B9DE50651D17938100825AF1 /* Student.m */; };
		B9DE506F1D17944600825AF1 /* SqViewController.m in Sources */ = {isa = PBXBuildFile; fileRef = B9DE506A1D17944600825AF1 /* SqViewController.m */; };
		B9DE50701D17944600825AF1 /* SqManager.m in Sources */ = {isa = PBXBuildFile; fileRef = B9DE506C1D17944600825AF1 /* SqManager.m */; };
		B9DE50711D17944600825AF1 /* Car.m in Sources */ = {isa = PBXBuildFile; fileRef = B9DE506E1D17944600825AF1 /* Car.m */; };
		B9DE507E1D1926E200825AF1 /* FMDatabase.m in Sources */ = {isa = PBXBuildFile; fileRef = B9DE50741D1926E200825AF1 /* FMDatabase.m */; };
		B9DE507F1D1926E200825AF1 /* FMDatabaseAdditions.m in Sources */ = {isa = PBXBuildFile; fileRef = B9DE50761D1926E200825AF1 /* FMDatabaseAdditions.m */; };
		B9DE50801D1926E200825AF1 /* FMDatabasePool.m in Sources */ = {isa = PBXBuildFile; fileRef = B9DE50781D1926E200825AF1 /* FMDatabasePool.m */; };
		B9DE50811D1926E200825AF1 /* FMDatabaseQueue.m in Sources */ = {isa = PBXBuildFile; fileRef = B9DE507A1D1926E200825AF1 /* FMDatabaseQueue.m */; };
		B9DE50821D1926E200825AF1 /* FMResultSet.m in Sources */ = {isa = PBXBuildFile; fileRef = B9DE507D1D1926E200825AF1 /* FMResultSet.m */; };
		B9DE50851D19314500825AF1 /* FmdbViewController.m in Sources */ = {isa = PBXBuildFile; fileRef = B9DE50841D19314500825AF1 /* FmdbViewController.m */; };
		B9DE50881D19362500825AF1 /* PeopleDataBase.m in Sources */ = {isa = PBXBuildFile; fileRef = B9DE50871D19362500825AF1 /* PeopleDataBase.m */; };
		B9DE508B1D19364300825AF1 /* PeopleOperation.m in Sources */ = {isa = PBXBuildFile; fileRef = B9DE508A1D19364300825AF1 /* PeopleOperation.m */; };
		B9DE508E1D19365C00825AF1 /* People.m in Sources */ = {isa = PBXBuildFile; fileRef = B9DE508D1D19365C00825AF1 /* People.m */; };
/* End PBXBuildFile section */

/* Begin PBXFileReference section */
		B9DE50441D17923800825AF1 /* DataStorage.app */ = {isa = PBXFileReference; explicitFileType = wrapper.application; includeInIndex = 0; path = DataStorage.app; sourceTree = BUILT_PRODUCTS_DIR; };
		B9DE50481D17923800825AF1 /* main.m */ = {isa = PBXFileReference; lastKnownFileType = sourcecode.c.objc; path = main.m; sourceTree = "<group>"; };
		B9DE504A1D17923800825AF1 /* AppDelegate.h */ = {isa = PBXFileReference; lastKnownFileType = sourcecode.c.h; path = AppDelegate.h; sourceTree = "<group>"; };
		B9DE504B1D17923800825AF1 /* AppDelegate.m */ = {isa = PBXFileReference; lastKnownFileType = sourcecode.c.objc; path = AppDelegate.m; sourceTree = "<group>"; };
		B9DE504D1D17923800825AF1 /* ViewController.h */ = {isa = PBXFileReference; lastKnownFileType = sourcecode.c.h; path = ViewController.h; sourceTree = "<group>"; };
		B9DE504E1D17923800825AF1 /* ViewController.m */ = {isa = PBXFileReference; lastKnownFileType = sourcecode.c.objc; path = ViewController.m; sourceTree = "<group>"; };
		B9DE50511D17923800825AF1 /* Base */ = {isa = PBXFileReference; lastKnownFileType = file.storyboard; name = Base; path = Base.lproj/Main.storyboard; sourceTree = "<group>"; };
		B9DE50531D17923800825AF1 /* Assets.xcassets */ = {isa = PBXFileReference; lastKnownFileType = folder.assetcatalog; path = Assets.xcassets; sourceTree = "<group>"; };
		B9DE50561D17923800825AF1 /* Base */ = {isa = PBXFileReference; lastKnownFileType = file.storyboard; name = Base; path = Base.lproj/LaunchScreen.storyboard; sourceTree = "<group>"; };
		B9DE50581D17923800825AF1 /* Info.plist */ = {isa = PBXFileReference; lastKnownFileType = text.plist.xml; path = Info.plist; sourceTree = "<group>"; };
		B9DE505E1D17924B00825AF1 /* libsqlite3.0.tbd */ = {isa = PBXFileReference; lastKnownFileType = "sourcecode.text-based-dylib-definition"; name = libsqlite3.0.tbd; path = usr/lib/libsqlite3.0.tbd; sourceTree = SDKROOT; };
		B9DE50601D17938100825AF1 /* ArchiveViewController.h */ = {isa = PBXFileReference; fileEncoding = 4; lastKnownFileType = sourcecode.c.h; path = ArchiveViewController.h; sourceTree = "<group>"; };
		B9DE50611D17938100825AF1 /* ArchiveViewController.m */ = {isa = PBXFileReference; fileEncoding = 4; lastKnownFileType = sourcecode.c.objc; path = ArchiveViewController.m; sourceTree = "<group>"; };
		B9DE50621D17938100825AF1 /* ArchiveManager.h */ = {isa = PBXFileReference; fileEncoding = 4; lastKnownFileType = sourcecode.c.h; path = ArchiveManager.h; sourceTree = "<group>"; };
		B9DE50631D17938100825AF1 /* ArchiveManager.m */ = {isa = PBXFileReference; fileEncoding = 4; lastKnownFileType = sourcecode.c.objc; path = ArchiveManager.m; sourceTree = "<group>"; };
		B9DE50641D17938100825AF1 /* Student.h */ = {isa = PBXFileReference; fileEncoding = 4; lastKnownFileType = sourcecode.c.h; path = Student.h; sourceTree = "<group>"; };
		B9DE50651D17938100825AF1 /* Student.m */ = {isa = PBXFileReference; fileEncoding = 4; lastKnownFileType = sourcecode.c.objc; path = Student.m; sourceTree = "<group>"; };
		B9DE50691D17944600825AF1 /* SqViewController.h */ = {isa = PBXFileReference; fileEncoding = 4; lastKnownFileType = sourcecode.c.h; path = SqViewController.h; sourceTree = "<group>"; };
		B9DE506A1D17944600825AF1 /* SqViewController.m */ = {isa = PBXFileReference; fileEncoding = 4; lastKnownFileType = sourcecode.c.objc; path = SqViewController.m; sourceTree = "<group>"; };
		B9DE506B1D17944600825AF1 /* SqManager.h */ = {isa = PBXFileReference; fileEncoding = 4; lastKnownFileType = sourcecode.c.h; path = SqManager.h; sourceTree = "<group>"; };
		B9DE506C1D17944600825AF1 /* SqManager.m */ = {isa = PBXFileReference; fileEncoding = 4; lastKnownFileType = sourcecode.c.objc; path = SqManager.m; sourceTree = "<group>"; };
		B9DE506D1D17944600825AF1 /* Car.h */ = {isa = PBXFileReference; fileEncoding = 4; lastKnownFileType = sourcecode.c.h; path = Car.h; sourceTree = "<group>"; };
		B9DE506E1D17944600825AF1 /* Car.m */ = {isa = PBXFileReference; fileEncoding = 4; lastKnownFileType = sourcecode.c.objc; path = Car.m; sourceTree = "<group>"; };
		B9DE50731D1926E200825AF1 /* FMDatabase.h */ = {isa = PBXFileReference; fileEncoding = 4; lastKnownFileType = sourcecode.c.h; path = FMDatabase.h; sourceTree = "<group>"; };
		B9DE50741D1926E200825AF1 /* FMDatabase.m */ = {isa = PBXFileReference; fileEncoding = 4; lastKnownFileType = sourcecode.c.objc; path = FMDatabase.m; sourceTree = "<group>"; };
		B9DE50751D1926E200825AF1 /* FMDatabaseAdditions.h */ = {isa = PBXFileReference; fileEncoding = 4; lastKnownFileType = sourcecode.c.h; path = FMDatabaseAdditions.h; sourceTree = "<group>"; };
		B9DE50761D1926E200825AF1 /* FMDatabaseAdditions.m */ = {isa = PBXFileReference; fileEncoding = 4; lastKnownFileType = sourcecode.c.objc; path = FMDatabaseAdditions.m; sourceTree = "<group>"; };
		B9DE50771D1926E200825AF1 /* FMDatabasePool.h */ = {isa = PBXFileReference; fileEncoding = 4; lastKnownFileType = sourcecode.c.h; path = FMDatabasePool.h; sourceTree = "<group>"; };
		B9DE50781D1926E200825AF1 /* FMDatabasePool.m */ = {isa = PBXFileReference; fileEncoding = 4; lastKnownFileType = sourcecode.c.objc; path = FMDatabasePool.m; sourceTree = "<group>"; };
		B9DE50791D1926E200825AF1 /* FMDatabaseQueue.h */ = {isa = PBXFileReference; fileEncoding = 4; lastKnownFileType = sourcecode.c.h; path = FMDatabaseQueue.h; sourceTree = "<group>"; };
		B9DE507A1D1926E200825AF1 /* FMDatabaseQueue.m */ = {isa = PBXFileReference; fileEncoding = 4; lastKnownFileType = sourcecode.c.objc; path = FMDatabaseQueue.m; sourceTree = "<group>"; };
		B9DE507B1D1926E200825AF1 /* FMDB.h */ = {isa = PBXFileReference; fileEncoding = 4; lastKnownFileType = sourcecode.c.h; path = FMDB.h; sourceTree = "<group>"; };
		B9DE507C1D1926E200825AF1 /* FMResultSet.h */ = {isa = PBXFileReference; fileEncoding = 4; lastKnownFileType = sourcecode.c.h; path = FMResultSet.h; sourceTree = "<group>"; };
		B9DE507D1D1926E200825AF1 /* FMResultSet.m */ = {isa = PBXFileReference; fileEncoding = 4; lastKnownFileType = sourcecode.c.objc; path = FMResultSet.m; sourceTree = "<group>"; };
		B9DE50831D19314500825AF1 /* FmdbViewController.h */ = {isa = PBXFileReference; fileEncoding = 4; lastKnownFileType = sourcecode.c.h; path = FmdbViewController.h; sourceTree = "<group>"; };
		B9DE50841D19314500825AF1 /* FmdbViewController.m */ = {isa = PBXFileReference; fileEncoding = 4; lastKnownFileType = sourcecode.c.objc; path = FmdbViewController.m; sourceTree = "<group>"; };
		B9DE50861D19362500825AF1 /* PeopleDataBase.h */ = {isa = PBXFileReference; fileEncoding = 4; lastKnownFileType = sourcecode.c.h; path = PeopleDataBase.h; sourceTree = "<group>"; };
		B9DE50871D19362500825AF1 /* PeopleDataBase.m */ = {isa = PBXFileReference; fileEncoding = 4; lastKnownFileType = sourcecode.c.objc; path = PeopleDataBase.m; sourceTree = "<group>"; };
		B9DE50891D19364300825AF1 /* PeopleOperation.h */ = {isa = PBXFileReference; fileEncoding = 4; lastKnownFileType = sourcecode.c.h; path = PeopleOperation.h; sourceTree = "<group>"; };
		B9DE508A1D19364300825AF1 /* PeopleOperation.m */ = {isa = PBXFileReference; fileEncoding = 4; lastKnownFileType = sourcecode.c.objc; path = PeopleOperation.m; sourceTree = "<group>"; };
		B9DE508C1D19365C00825AF1 /* People.h */ = {isa = PBXFileReference; fileEncoding = 4; lastKnownFileType = sourcecode.c.h; path = People.h; sourceTree = "<group>"; };
		B9DE508D1D19365C00825AF1 /* People.m */ = {isa = PBXFileReference; fileEncoding = 4; lastKnownFileType = sourcecode.c.objc; path = People.m; sourceTree = "<group>"; };
/* End PBXFileReference section */

/* Begin PBXFrameworksBuildPhase section */
		B9DE50411D17923800825AF1 /* Frameworks */ = {
			isa = PBXFrameworksBuildPhase;
			buildActionMask = 2147483647;
			files = (
				B9DE505F1D17924B00825AF1 /* libsqlite3.0.tbd in Frameworks */,
			);
			runOnlyForDeploymentPostprocessing = 0;
		};
/* End PBXFrameworksBuildPhase section */

/* Begin PBXGroup section */
		B9DE503B1D17923800825AF1 = {
			isa = PBXGroup;
			children = (
				B9DE505E1D17924B00825AF1 /* libsqlite3.0.tbd */,
				B9DE50461D17923800825AF1 /* DataStorage */,
				B9DE50451D17923800825AF1 /* Products */,
			);
			sourceTree = "<group>";
		};
		B9DE50451D17923800825AF1 /* Products */ = {
			isa = PBXGroup;
			children = (
				B9DE50441D17923800825AF1 /* DataStorage.app */,
			);
			name = Products;
			sourceTree = "<group>";
		};
		B9DE50461D17923800825AF1 /* DataStorage */ = {
			isa = PBXGroup;
			children = (
				B9DE50721D1926A100825AF1 /* Library */,
				B9DE50601D17938100825AF1 /* ArchiveViewController.h */,
				B9DE50611D17938100825AF1 /* ArchiveViewController.m */,
				B9DE50621D17938100825AF1 /* ArchiveManager.h */,
				B9DE50631D17938100825AF1 /* ArchiveManager.m */,
				B9DE50641D17938100825AF1 /* Student.h */,
				B9DE50651D17938100825AF1 /* Student.m */,
				B9DE50691D17944600825AF1 /* SqViewController.h */,
				B9DE506A1D17944600825AF1 /* SqViewController.m */,
				B9DE506B1D17944600825AF1 /* SqManager.h */,
				B9DE506C1D17944600825AF1 /* SqManager.m */,
				B9DE506D1D17944600825AF1 /* Car.h */,
				B9DE506E1D17944600825AF1 /* Car.m */,
				B9DE504A1D17923800825AF1 /* AppDelegate.h */,
				B9DE504B1D17923800825AF1 /* AppDelegate.m */,
				B9DE504D1D17923800825AF1 /* ViewController.h */,
				B9DE504E1D17923800825AF1 /* ViewController.m */,
				B9DE50501D17923800825AF1 /* Main.storyboard */,
				B9DE50531D17923800825AF1 /* Assets.xcassets */,
				B9DE50551D17923800825AF1 /* LaunchScreen.storyboard */,
				B9DE50581D17923800825AF1 /* Info.plist */,
				B9DE50471D17923800825AF1 /* Supporting Files */,
				B9DE50831D19314500825AF1 /* FmdbViewController.h */,
				B9DE50841D19314500825AF1 /* FmdbViewController.m */,
				B9DE50861D19362500825AF1 /* PeopleDataBase.h */,
				B9DE50871D19362500825AF1 /* PeopleDataBase.m */,
				B9DE50891D19364300825AF1 /* PeopleOperation.h */,
				B9DE508A1D19364300825AF1 /* PeopleOperation.m */,
				B9DE508C1D19365C00825AF1 /* People.h */,
				B9DE508D1D19365C00825AF1 /* People.m */,
			);
			path = DataStorage;
			sourceTree = "<group>";
		};
		B9DE50471D17923800825AF1 /* Supporting Files */ = {
			isa = PBXGroup;
			children = (
				B9DE50481D17923800825AF1 /* main.m */,
			);
			name = "Supporting Files";
			sourceTree = "<group>";
		};
		B9DE50721D1926A100825AF1 /* Library */ = {
			isa = PBXGroup;
			children = (
				B9DE50731D1926E200825AF1 /* FMDatabase.h */,
				B9DE50741D1926E200825AF1 /* FMDatabase.m */,
				B9DE50751D1926E200825AF1 /* FMDatabaseAdditions.h */,
				B9DE50761D1926E200825AF1 /* FMDatabaseAdditions.m */,
				B9DE50771D1926E200825AF1 /* FMDatabasePool.h */,
				B9DE50781D1926E200825AF1 /* FMDatabasePool.m */,
				B9DE50791D1926E200825AF1 /* FMDatabaseQueue.h */,
				B9DE507A1D1926E200825AF1 /* FMDatabaseQueue.m */,
				B9DE507B1D1926E200825AF1 /* FMDB.h */,
				B9DE507C1D1926E200825AF1 /* FMResultSet.h */,
				B9DE507D1D1926E200825AF1 /* FMResultSet.m */,
			);
			path = Library;
			sourceTree = "<group>";
		};
/* End PBXGroup section */

/* Begin PBXNativeTarget section */
		B9DE50431D17923800825AF1 /* DataStorage */ = {
			isa = PBXNativeTarget;
			buildConfigurationList = B9DE505B1D17923800825AF1 /* Build configuration list for PBXNativeTarget "DataStorage" */;
			buildPhases = (
				B9DE50401D17923800825AF1 /* Sources */,
				B9DE50411D17923800825AF1 /* Frameworks */,
				B9DE50421D17923800825AF1 /* Resources */,
			);
			buildRules = (
			);
			dependencies = (
			);
			name = DataStorage;
			productName = DataStorage;
			productReference = B9DE50441D17923800825AF1 /* DataStorage.app */;
			productType = "com.apple.product-type.application";
		};
/* End PBXNativeTarget section */

/* Begin PBXProject section */
		B9DE503C1D17923800825AF1 /* Project object */ = {
			isa = PBXProject;
			attributes = {
				LastUpgradeCheck = 0710;
				ORGANIZATIONNAME = xiaoshenyi;
				TargetAttributes = {
					B9DE50431D17923800825AF1 = {
						CreatedOnToolsVersion = 7.1.1;
					};
				};
			};
			buildConfigurationList = B9DE503F1D17923800825AF1 /* Build configuration list for PBXProject "DataStorage" */;
			compatibilityVersion = "Xcode 3.2";
			developmentRegion = English;
			hasScannedForEncodings = 0;
			knownRegions = (
				en,
				Base,
			);
			mainGroup = B9DE503B1D17923800825AF1;
			productRefGroup = B9DE50451D17923800825AF1 /* Products */;
			projectDirPath = "";
			projectRoot = "";
			targets = (
				B9DE50431D17923800825AF1 /* DataStorage */,
			);
		};
/* End PBXProject section */

/* Begin PBXResourcesBuildPhase section */
		B9DE50421D17923800825AF1 /* Resources */ = {
			isa = PBXResourcesBuildPhase;
			buildActionMask = 2147483647;
			files = (
				B9DE50571D17923800825AF1 /* LaunchScreen.storyboard in Resources */,
				B9DE50541D17923800825AF1 /* Assets.xcassets in Resources */,
				B9DE50521D17923800825AF1 /* Main.storyboard in Resources */,
			);
			runOnlyForDeploymentPostprocessing = 0;
		};
/* End PBXResourcesBuildPhase section */

/* Begin PBXSourcesBuildPhase section */
		B9DE50401D17923800825AF1 /* Sources */ = {
			isa = PBXSourcesBuildPhase;
			buildActionMask = 2147483647;
			files = (
				B9DE50711D17944600825AF1 /* Car.m in Sources */,
				B9DE50801D1926E200825AF1 /* FMDatabasePool.m in Sources */,
				B9DE50851D19314500825AF1 /* FmdbViewController.m in Sources */,
				B9DE50821D1926E200825AF1 /* FMResultSet.m in Sources */,
				B9DE506F1D17944600825AF1 /* SqViewController.m in Sources */,
				B9DE50881D19362500825AF1 /* PeopleDataBase.m in Sources */,
				B9DE504F1D17923800825AF1 /* ViewController.m in Sources */,
				B9DE508B1D19364300825AF1 /* PeopleOperation.m in Sources */,
				B9DE50811D1926E200825AF1 /* FMDatabaseQueue.m in Sources */,
				B9DE507E1D1926E200825AF1 /* FMDatabase.m in Sources */,
				B9DE504C1D17923800825AF1 /* AppDelegate.m in Sources */,
				B9DE50671D17938100825AF1 /* ArchiveManager.m in Sources */,
				B9DE508E1D19365C00825AF1 /* People.m in Sources */,
				B9DE50491D17923800825AF1 /* main.m in Sources */,
				B9DE507F1D1926E200825AF1 /* FMDatabaseAdditions.m in Sources */,
				B9DE50661D17938100825AF1 /* ArchiveViewController.m in Sources */,
				B9DE50681D17938100825AF1 /* Student.m in Sources */,
				B9DE50701D17944600825AF1 /* SqManager.m in Sources */,
			);
			runOnlyForDeploymentPostprocessing = 0;
		};
/* End PBXSourcesBuildPhase section */

/* Begin PBXVariantGroup section */
		B9DE50501D17923800825AF1 /* Main.storyboard */ = {
			isa = PBXVariantGroup;
			children = (
				B9DE50511D17923800825AF1 /* Base */,
			);
			name = Main.storyboard;
			sourceTree = "<group>";
		};
		B9DE50551D17923800825AF1 /* LaunchScreen.storyboard */ = {
			isa = PBXVariantGroup;
			children = (
				B9DE50561D17923800825AF1 /* Base */,
			);
			name = LaunchScreen.storyboard;
			sourceTree = "<group>";
		};
/* End PBXVariantGroup section */

/* Begin XCBuildConfiguration section */
		B9DE50591D17923800825AF1 /* Debug */ = {
			isa = XCBuildConfiguration;
			buildSettings = {
				ALWAYS_SEARCH_USER_PATHS = NO;
				CLANG_CXX_LANGUAGE_STANDARD = "gnu++0x";
				CLANG_CXX_LIBRARY = "libc++";
				CLANG_ENABLE_MODULES = YES;
				CLANG_ENABLE_OBJC_ARC = YES;
				CLANG_WARN_BOOL_CONVERSION = YES;
				CLANG_WARN_CONSTANT_CONVERSION = YES;
				CLANG_WARN_DIRECT_OBJC_ISA_USAGE = YES_ERROR;
				CLANG_WARN_EMPTY_BODY = YES;
				CLANG_WARN_ENUM_CONVERSION = YES;
				CLANG_WARN_INT_CONVERSION = YES;
				CLANG_WARN_OBJC_ROOT_CLASS = YES_ERROR;
				CLANG_WARN_UNREACHABLE_CODE = YES;
				CLANG_WARN__DUPLICATE_METHOD_MATCH = YES;
				"CODE_SIGN_IDENTITY[sdk=iphoneos*]" = "iPhone Developer";
				COPY_PHASE_STRIP = NO;
				DEBUG_INFORMATION_FORMAT = dwarf;
				ENABLE_STRICT_OBJC_MSGSEND = YES;
				ENABLE_TESTABILITY = YES;
				GCC_C_LANGUAGE_STANDARD = gnu99;
				GCC_DYNAMIC_NO_PIC = NO;
				GCC_NO_COMMON_BLOCKS = YES;
				GCC_OPTIMIZATION_LEVEL = 0;
				GCC_PREPROCESSOR_DEFINITIONS = (
					"DEBUG=1",
					"$(inherited)",
				);
				GCC_WARN_64_TO_32_BIT_CONVERSION = YES;
				GCC_WARN_ABOUT_RETURN_TYPE = YES_ERROR;
				GCC_WARN_UNDECLARED_SELECTOR = YES;
				GCC_WARN_UNINITIALIZED_AUTOS = YES_AGGRESSIVE;
				GCC_WARN_UNUSED_FUNCTION = YES;
				GCC_WARN_UNUSED_VARIABLE = YES;
				IPHONEOS_DEPLOYMENT_TARGET = 9.1;
				MTL_ENABLE_DEBUG_INFO = YES;
				ONLY_ACTIVE_ARCH = YES;
				SDKROOT = iphoneos;
			};
			name = Debug;
		};
		B9DE505A1D17923800825AF1 /* Release */ = {
			isa = XCBuildConfiguration;
			buildSettings = {
				ALWAYS_SEARCH_USER_PATHS = NO;
				CLANG_CXX_LANGUAGE_STANDARD = "gnu++0x";
				CLANG_CXX_LIBRARY = "libc++";
				CLANG_ENABLE_MODULES = YES;
				CLANG_ENABLE_OBJC_ARC = YES;
				CLANG_WARN_BOOL_CONVERSION = YES;
				CLANG_WARN_CONSTANT_CONVERSION = YES;
				CLANG_WARN_DIRECT_OBJC_ISA_USAGE = YES_ERROR;
				CLANG_WARN_EMPTY_BODY = YES;
				CLANG_WARN_ENUM_CONVERSION = YES;
				CLANG_WARN_INT_CONVERSION = YES;
				CLANG_WARN_OBJC_ROOT_CLASS = YES_ERROR;
				CLANG_WARN_UNREACHABLE_CODE = YES;
				CLANG_WARN__DUPLICATE_METHOD_MATCH = YES;
				"CODE_SIGN_IDENTITY[sdk=iphoneos*]" = "iPhone Developer";
				COPY_PHASE_STRIP = NO;
				DEBUG_INFORMATION_FORMAT = "dwarf-with-dsym";
				ENABLE_NS_ASSERTIONS = NO;
				ENABLE_STRICT_OBJC_MSGSEND = YES;
				GCC_C_LANGUAGE_STANDARD = gnu99;
				GCC_NO_COMMON_BLOCKS = YES;
				GCC_WARN_64_TO_32_BIT_CONVERSION = YES;
				GCC_WARN_ABOUT_RETURN_TYPE = YES_ERROR;
				GCC_WARN_UNDECLARED_SELECTOR = YES;
				GCC_WARN_UNINITIALIZED_AUTOS = YES_AGGRESSIVE;
				GCC_WARN_UNUSED_FUNCTION = YES;
				GCC_WARN_UNUSED_VARIABLE = YES;
				IPHONEOS_DEPLOYMENT_TARGET = 9.1;
				MTL_ENABLE_DEBUG_INFO = NO;
				SDKROOT = iphoneos;
				VALIDATE_PRODUCT = YES;
			};
			name = Release;
		};
		B9DE505C1D17923800825AF1 /* Debug */ = {
			isa = XCBuildConfiguration;
			buildSettings = {
				ASSETCATALOG_COMPILER_APPICON_NAME = AppIcon;
				INFOPLIST_FILE = DataStorage/Info.plist;
				LD_RUNPATH_SEARCH_PATHS = "$(inherited) @executable_path/Frameworks";
				PRODUCT_BUNDLE_IDENTIFIER = LD.DataStorage;
				PRODUCT_NAME = "$(TARGET_NAME)";
			};
			name = Debug;
		};
		B9DE505D1D17923800825AF1 /* Release */ = {
			isa = XCBuildConfiguration;
			buildSettings = {
				ASSETCATALOG_COMPILER_APPICON_NAME = AppIcon;
				INFOPLIST_FILE = DataStorage/Info.plist;
				LD_RUNPATH_SEARCH_PATHS = "$(inherited) @executable_path/Frameworks";
				PRODUCT_BUNDLE_IDENTIFIER = LD.DataStorage;
				PRODUCT_NAME = "$(TARGET_NAME)";
			};
			name = Release;
		};
/* End XCBuildConfiguration section */

/* Begin XCConfigurationList section */
		B9DE503F1D17923800825AF1 /* Build configuration list for PBXProject "DataStorage" */ = {
			isa = XCConfigurationList;
			buildConfigurations = (
				B9DE50591D17923800825AF1 /* Debug */,
				B9DE505A1D17923800825AF1 /* Release */,
			);
			defaultConfigurationIsVisible = 0;
			defaultConfigurationName = Release;
		};
		B9DE505B1D17923800825AF1 /* Build configuration list for PBXNativeTarget "DataStorage" */ = {
			isa = XCConfigurationList;
			buildConfigurations = (
				B9DE505C1D17923800825AF1 /* Debug */,
				B9DE505D1D17923800825AF1 /* Release */,
			);
			defaultConfigurationIsVisible = 0;
			defaultConfigurationName = Release;
		};
/* End XCConfigurationList section */
	};
	rootObject = B9DE503C1D17923800825AF1 /* Project object */;
}
